
Microsoft Visual Studio Solution File, Format Version 12.00
# Visual Studio 15
VisualStudioVersion = 15.0.28010.2046
MinimumVisualStudioVersion = 10.0.40219.1
Project("{FAE04EC0-301F-11D3-BF4B-00C04F79EFBC}") = "DbDiff", "DbDiff\DbDiff.csproj", "{4D703304-B96C-4EC8-966B-703ECC27BA1D}"
EndProject
Project("{FAE04EC0-301F-11D3-BF4B-00C04F79EFBC}") = "DbDiffTest", "DbDiffTest\DbDiffTest.csproj", "{5465F7AC-F6D1-497E-98B1-627D7B142D4B}"
EndProject
Global
	GlobalSection(SolutionConfigurationPlatforms) = preSolution
		Debug|Any CPU = Debug|Any CPU
		Release|Any CPU = Release|Any CPU
	EndGlobalSection
	GlobalSection(ProjectConfigurationPlatforms) = postSolution
		{4D703304-B96C-4EC8-966B-703ECC27BA1D}.Debug|Any CPU.ActiveCfg = Debug|Any CPU
		{4D703304-B96C-4EC8-966B-703ECC27BA1D}.Debug|Any CPU.Build.0 = Debug|Any CPU
		{4D703304-B96C-4EC8-966B-703ECC27BA1D}.Release|Any CPU.ActiveCfg = Release|Any CPU
		{4D703304-B96C-4EC8-966B-703ECC27BA1D}.Release|Any CPU.Build.0 = Release|Any CPU
		{5465F7AC-F6D1-497E-98B1-627D7B142D4B}.Debug|Any CPU.ActiveCfg = Debug|Any CPU
		{5465F7AC-F6D1-497E-98B1-627D7B142D4B}.Debug|Any CPU.Build.0 = Debug|Any CPU
		{5465F7AC-F6D1-497E-98B1-627D7B142D4B}.Release|Any CPU.ActiveCfg = Release|Any CPU
		{5465F7AC-F6D1-497E-98B1-627D7B142D4B}.Release|Any CPU.Build.0 = Release|Any CPU
	EndGlobalSection
	GlobalSection(SolutionProperties) = preSolution
		HideSolutionNode = FALSE
	EndGlobalSection
	GlobalSection(ExtensibilityGlobals) = postSolution
		SolutionGuid = {A8C703EE-CBFA-4B53-9B32-8232DF9207B6}
	EndGlobalSection
EndGlobal
